// !$*UTF8*$!
{
	archiveVersion = 1;
	classes = {
	};
	objectVersion = 46;
	objects = {

/* Begin PBXBuildFile section */
		4AF1A9AC1A87431000406085 /* AppDelegate.swift in Sources */ = {isa = PBXBuildFile; fileRef = 4AF1A9AB1A87431000406085 /* AppDelegate.swift */; };
		4AF1A9B11A87431000406085 /* Main.storyboard in Resources */ = {isa = PBXBuildFile; fileRef = 4AF1A9AF1A87431000406085 /* Main.storyboard */; };
		4AF1A9B31A87431000406085 /* Images.xcassets in Resources */ = {isa = PBXBuildFile; fileRef = 4AF1A9B21A87431000406085 /* Images.xcassets */; };
		4AF1A9B61A87431000406085 /* LaunchScreen.xib in Resources */ = {isa = PBXBuildFile; fileRef = 4AF1A9B41A87431000406085 /* LaunchScreen.xib */; };
		4AF1A9C21A87431000406085 /* HappinessTests.swift in Sources */ = {isa = PBXBuildFile; fileRef = 4AF1A9C11A87431000406085 /* HappinessTests.swift */; };
		4AF1A9CE1A87456D00406085 /* HappinessViewController.swift in Sources */ = {isa = PBXBuildFile; fileRef = 4AF1A9CD1A87456D00406085 /* HappinessViewController.swift */; };
		4AF1A9D01A87469300406085 /* FaceView.swift in Sources */ = {isa = PBXBuildFile; fileRef = 4AF1A9CF1A87469300406085 /* FaceView.swift */; };
/* End PBXBuildFile section */

/* Begin PBXContainerItemProxy section */
		4AF1A9BC1A87431000406085 /* PBXContainerItemProxy */ = {
			isa = PBXContainerItemProxy;
			containerPortal = 4AF1A99E1A87431000406085 /* Project object */;
			proxyType = 1;
			remoteGlobalIDString = 4AF1A9A51A87431000406085;
			remoteInfo = Happiness;
		};
/* End PBXContainerItemProxy section */

/* Begin PBXFileReference section */
		4AF1A9A61A87431000406085 /* Happiness.app */ = {isa = PBXFileReference; explicitFileType = wrapper.application; includeInIndex = 0; path = Happiness.app; sourceTree = BUILT_PRODUCTS_DIR; };
		4AF1A9AA1A87431000406085 /* Info.plist */ = {isa = PBXFileReference; lastKnownFileType = text.plist.xml; path = Info.plist; sourceTree = "<group>"; };
		4AF1A9AB1A87431000406085 /* AppDelegate.swift */ = {isa = PBXFileReference; lastKnownFileType = sourcecode.swift; path = AppDelegate.swift; sourceTree = "<group>"; };
		4AF1A9B01A87431000406085 /* Base */ = {isa = PBXFileReference; lastKnownFileType = file.storyboard; name = Base; path = Base.lproj/Main.storyboard; sourceTree = "<group>"; };
		4AF1A9B21A87431000406085 /* Images.xcassets */ = {isa = PBXFileReference; lastKnownFileType = folder.assetcatalog; path = Images.xcassets; sourceTree = "<group>"; };
		4AF1A9B51A87431000406085 /* Base */ = {isa = PBXFileReference; lastKnownFileType = file.xib; name = Base; path = Base.lproj/LaunchScreen.xib; sourceTree = "<group>"; };
		4AF1A9BB1A87431000406085 /* HappinessTests.xctest */ = {isa = PBXFileReference; explicitFileType = wrapper.cfbundle; includeInIndex = 0; path = HappinessTests.xctest; sourceTree = BUILT_PRODUCTS_DIR; };
		4AF1A9C01A87431000406085 /* Info.plist */ = {isa = PBXFileReference; lastKnownFileType = text.plist.xml; path = Info.plist; sourceTree = "<group>"; };
		4AF1A9C11A87431000406085 /* HappinessTests.swift */ = {isa = PBXFileReference; lastKnownFileType = sourcecode.swift; path = HappinessTests.swift; sourceTree = "<group>"; };
		4AF1A9CD1A87456D00406085 /* HappinessViewController.swift */ = {isa = PBXFileReference; fileEncoding = 4; lastKnownFileType = sourcecode.swift; path = HappinessViewController.swift; sourceTree = SOURCE_ROOT; };
		4AF1A9CF1A87469300406085 /* FaceView.swift */ = {isa = PBXFileReference; fileEncoding = 4; lastKnownFileType = sourcecode.swift; path = FaceView.swift; sourceTree = "<group>"; };
/* End PBXFileReference section */

/* Begin PBXFrameworksBuildPhase section */
		4AF1A9A31A87431000406085 /* Frameworks */ = {
			isa = PBXFrameworksBuildPhase;
			buildActionMask = 2147483647;
			files = (
			);
			runOnlyForDeploymentPostprocessing = 0;
		};
		4AF1A9B81A87431000406085 /* Frameworks */ = {
			isa = PBXFrameworksBuildPhase;
			buildActionMask = 2147483647;
			files = (
			);
			runOnlyForDeploymentPostprocessing = 0;
		};
/* End PBXFrameworksBuildPhase section */

/* Begin PBXGroup section */
		4AF1A99D1A87431000406085 = {
			isa = PBXGroup;
			children = (
				4AF1A9A81A87431000406085 /* Happiness */,
				4AF1A9BE1A87431000406085 /* HappinessTests */,
				4AF1A9A71A87431000406085 /* Products */,
			);
			sourceTree = "<group>";
		};
		4AF1A9A71A87431000406085 /* Products */ = {
			isa = PBXGroup;
			children = (
				4AF1A9A61A87431000406085 /* Happiness.app */,
				4AF1A9BB1A87431000406085 /* HappinessTests.xctest */,
			);
			name = Products;
			sourceTree = "<group>";
		};
		4AF1A9A81A87431000406085 /* Happiness */ = {
			isa = PBXGroup;
			children = (
				4AF1A9CD1A87456D00406085 /* HappinessViewController.swift */,
				4AF1A9AF1A87431000406085 /* Main.storyboard */,
				4AF1A9CF1A87469300406085 /* FaceView.swift */,
				4AF1A9B21A87431000406085 /* Images.xcassets */,
				4AF1A9A91A87431000406085 /* Supporting Files */,
			);
			path = Happiness;
			sourceTree = "<group>";
		};
		4AF1A9A91A87431000406085 /* Supporting Files */ = {
			isa = PBXGroup;
			children = (
				4AF1A9B41A87431000406085 /* LaunchScreen.xib */,
				4AF1A9AB1A87431000406085 /* AppDelegate.swift */,
				4AF1A9AA1A87431000406085 /* Info.plist */,
			);
			name = "Supporting Files";
			sourceTree = "<group>";
		};
		4AF1A9BE1A87431000406085 /* HappinessTests */ = {
			isa = PBXGroup;
			children = (
				4AF1A9C11A87431000406085 /* HappinessTests.swift */,
				4AF1A9BF1A87431000406085 /* Supporting Files */,
			);
			path = HappinessTests;
			sourceTree = "<group>";
		};
		4AF1A9BF1A87431000406085 /* Supporting Files */ = {
			isa = PBXGroup;
			children = (
				4AF1A9C01A87431000406085 /* Info.plist */,
			);
			name = "Supporting Files";
			sourceTree = "<group>";
		};
/* End PBXGroup section */

/* Begin PBXNativeTarget section */
		4AF1A9A51A87431000406085 /* Happiness */ = {
			isa = PBXNativeTarget;
			buildConfigurationList = 4AF1A9C51A87431000406085 /* Build configuration list for PBXNativeTarget "Happiness" */;
			buildPhases = (
				4AF1A9A21A87431000406085 /* Sources */,
				4AF1A9A31A87431000406085 /* Frameworks */,
				4AF1A9A41A87431000406085 /* Resources */,
			);
			buildRules = (
			);
			dependencies = (
			);
			name = Happiness;
			productName = Happiness;
			productReference = 4AF1A9A61A87431000406085 /* Happiness.app */;
			productType = "com.apple.product-type.application";
		};
		4AF1A9BA1A87431000406085 /* HappinessTests */ = {
			isa = PBXNativeTarget;
			buildConfigurationList = 4AF1A9C81A87431000406085 /* Build configuration list for PBXNativeTarget "HappinessTests" */;
			buildPhases = (
				4AF1A9B71A87431000406085 /* Sources */,
				4AF1A9B81A87431000406085 /* Frameworks */,
				4AF1A9B91A87431000406085 /* Resources */,
			);
			buildRules = (
			);
			dependencies = (
				4AF1A9BD1A87431000406085 /* PBXTargetDependency */,
			);
			name = HappinessTests;
			productName = HappinessTests;
			productReference = 4AF1A9BB1A87431000406085 /* HappinessTests.xctest */;
			productType = "com.apple.product-type.bundle.unit-test";
		};
/* End PBXNativeTarget section */

/* Begin PBXProject section */
		4AF1A99E1A87431000406085 /* Project object */ = {
			isa = PBXProject;
			attributes = {
				LastUpgradeCheck = 0610;
				ORGANIZATIONNAME = nevercry;
				TargetAttributes = {
					4AF1A9A51A87431000406085 = {
						CreatedOnToolsVersion = 6.1.1;
					};
					4AF1A9BA1A87431000406085 = {
						CreatedOnToolsVersion = 6.1.1;
						TestTargetID = 4AF1A9A51A87431000406085;
					};
				};
			};
			buildConfigurationList = 4AF1A9A11A87431000406085 /* Build configuration list for PBXProject "Happiness" */;
			compatibilityVersion = "Xcode 3.2";
			developmentRegion = English;
			hasScannedForEncodings = 0;
			knownRegions = (
				en,
				Base,
			);
			mainGroup = 4AF1A99D1A87431000406085;
			productRefGroup = 4AF1A9A71A87431000406085 /* Products */;
			projectDirPath = "";
			projectRoot = "";
			targets = (
				4AF1A9A51A87431000406085 /* Happiness */,
				4AF1A9BA1A87431000406085 /* HappinessTests */,
			);
		};
/* End PBXProject section */

/* Begin PBXResourcesBuildPhase section */
		4AF1A9A41A87431000406085 /* Resources */ = {
			isa = PBXResourcesBuildPhase;
			buildActionMask = 2147483647;
			files = (
				4AF1A9B11A87431000406085 /* Main.storyboard in Resources */,
				4AF1A9B61A87431000406085 /* LaunchScreen.xib in Resources */,
				4AF1A9B31A87431000406085 /* Images.xcassets in Resources */,
			);
			runOnlyForDeploymentPostprocessing = 0;
		};
		4AF1A9B91A87431000406085 /* Resources */ = {
			isa = PBXResourcesBuildPhase;
			buildActionMask = 2147483647;
			files = (
			);
			runOnlyForDeploymentPostprocessing = 0;
		};
/* End PBXResourcesBuildPhase section */

/* Begin PBXSourcesBuildPhase section */
		4AF1A9A21A87431000406085 /* Sources */ = {
			isa = PBXSourcesBuildPhase;
			buildActionMask = 2147483647;
			files = (
				4AF1A9CE1A87456D00406085 /* HappinessViewController.swift in Sources */,
				4AF1A9AC1A87431000406085 /* AppDelegate.swift in Sources */,
				4AF1A9D01A87469300406085 /* FaceView.swift in Sources */,
			);
			runOnlyForDeploymentPostprocessing = 0;
		};
		4AF1A9B71A87431000406085 /* Sources */ = {
			isa = PBXSourcesBuildPhase;
			buildActionMask = 2147483647;
			files = (
				4AF1A9C21A87431000406085 /* HappinessTests.swift in Sources */,
			);
			runOnlyForDeploymentPostprocessing = 0;
		};
/* End PBXSourcesBuildPhase section */

/* Begin PBXTargetDependency section */
		4AF1A9BD1A87431000406085 /* PBXTargetDependency */ = {
			isa = PBXTargetDependency;
			target = 4AF1A9A51A87431000406085 /* Happiness */;
			targetProxy = 4AF1A9BC1A87431000406085 /* PBXContainerItemProxy */;
		};
/* End PBXTargetDependency section */

/* Begin PBXVariantGroup section */
		4AF1A9AF1A87431000406085 /* Main.storyboard */ = {
			isa = PBXVariantGroup;
			children = (
				4AF1A9B01A87431000406085 /* Base */,
			);
			name = Main.storyboard;
			sourceTree = "<group>";
		};
		4AF1A9B41A87431000406085 /* LaunchScreen.xib */ = {
			isa = PBXVariantGroup;
			children = (
				4AF1A9B51A87431000406085 /* Base */,
			);
			name = LaunchScreen.xib;
			sourceTree = "<group>";
		};
/* End PBXVariantGroup section */

/* Begin XCBuildConfiguration section */
		4AF1A9C31A87431000406085 /* Debug */ = {
			isa = XCBuildConfiguration;
			buildSettings = {
				ALWAYS_SEARCH_USER_PATHS = NO;
				CLANG_CXX_LANGUAGE_STANDARD = "gnu++0x";
				CLANG_CXX_LIBRARY = "libc++";
				CLANG_ENABLE_MODULES = YES;
				CLANG_ENABLE_OBJC_ARC = YES;
				CLANG_WARN_BOOL_CONVERSION = YES;
				CLANG_WARN_CONSTANT_CONVERSION = YES;
				CLANG_WARN_DIRECT_OBJC_ISA_USAGE = YES_ERROR;
				CLANG_WARN_EMPTY_BODY = YES;
				CLANG_WARN_ENUM_CONVERSION = YES;
				CLANG_WARN_INT_CONVERSION = YES;
				CLANG_WARN_OBJC_ROOT_CLASS = YES_ERROR;
				CLANG_WARN_UNREACHABLE_CODE = YES;
				CLANG_WARN__DUPLICATE_METHOD_MATCH = YES;
				"CODE_SIGN_IDENTITY[sdk=iphoneos*]" = "iPhone Developer";
				COPY_PHASE_STRIP = NO;
				ENABLE_STRICT_OBJC_MSGSEND = YES;
				GCC_C_LANGUAGE_STANDARD = gnu99;
				GCC_DYNAMIC_NO_PIC = NO;
				GCC_OPTIMIZATION_LEVEL = 0;
				GCC_PREPROCESSOR_DEFINITIONS = (
					"DEBUG=1",
					"$(inherited)",
				);
				GCC_SYMBOLS_PRIVATE_EXTERN = NO;
				GCC_WARN_64_TO_32_BIT_CONVERSION = YES;
				GCC_WARN_ABOUT_RETURN_TYPE = YES_ERROR;
				GCC_WARN_UNDECLARED_SELECTOR = YES;
				GCC_WARN_UNINITIALIZED_AUTOS = YES_AGGRESSIVE;
				GCC_WARN_UNUSED_FUNCTION = YES;
				GCC_WARN_UNUSED_VARIABLE = YES;
				IPHONEOS_DEPLOYMENT_TARGET = 8.1;
				MTL_ENABLE_DEBUG_INFO = YES;
				ONLY_ACTIVE_ARCH = YES;
				SDKROOT = iphoneos;
				SWIFT_OPTIMIZATION_LEVEL = "-Onone";
				TARGETED_DEVICE_FAMILY = "1,2";
			};
			name = Debug;
		};
		4AF1A9C41A87431000406085 /* Release */ = {
			isa = XCBuildConfiguration;
			buildSettings = {
				ALWAYS_SEARCH_USER_PATHS = NO;
				CLANG_CXX_LANGUAGE_STANDARD = "gnu++0x";
				CLANG_CXX_LIBRARY = "libc++";
				CLANG_ENABLE_MODULES = YES;
				CLANG_ENABLE_OBJC_ARC = YES;
				CLANG_WARN_BOOL_CONVERSION = YES;
				CLANG_WARN_CONSTANT_CONVERSION = YES;
				CLANG_WARN_DIRECT_OBJC_ISA_USAGE = YES_ERROR;
				CLANG_WARN_EMPTY_BODY = YES;
				CLANG_WARN_ENUM_CONVERSION = YES;
				CLANG_WARN_INT_CONVERSION = YES;
				CLANG_WARN_OBJC_ROOT_CLASS = YES_ERROR;
				CLANG_WARN_UNREACHABLE_CODE = YES;
				CLANG_WARN__DUPLICATE_METHOD_MATCH = YES;
				"CODE_SIGN_IDENTITY[sdk=iphoneos*]" = "iPhone Developer";
				COPY_PHASE_STRIP = YES;
				ENABLE_NS_ASSERTIONS = NO;
				ENABLE_STRICT_OBJC_MSGSEND = YES;
				GCC_C_LANGUAGE_STANDARD = gnu99;
				GCC_WARN_64_TO_32_BIT_CONVERSION = YES;
				GCC_WARN_ABOUT_RETURN_TYPE = YES_ERROR;
				GCC_WARN_UNDECLARED_SELECTOR = YES;
				GCC_WARN_UNINITIALIZED_AUTOS = YES_AGGRESSIVE;
				GCC_WARN_UNUSED_FUNCTION = YES;
				GCC_WARN_UNUSED_VARIABLE = YES;
				IPHONEOS_DEPLOYMENT_TARGET = 8.1;
				MTL_ENABLE_DEBUG_INFO = NO;
				SDKROOT = iphoneos;
				TARGETED_DEVICE_FAMILY = "1,2";
				VALIDATE_PRODUCT = YES;
			};
			name = Release;
		};
		4AF1A9C61A87431000406085 /* Debug */ = {
			isa = XCBuildConfiguration;
			buildSettings = {
				ASSETCATALOG_COMPILER_APPICON_NAME = AppIcon;
				INFOPLIST_FILE = Happiness/Info.plist;
				LD_RUNPATH_SEARCH_PATHS = "$(inherited) @executable_path/Frameworks";
				PRODUCT_NAME = "$(TARGET_NAME)";
			};
			name = Debug;
		};
		4AF1A9C71A87431000406085 /* Release */ = {
			isa = XCBuildConfiguration;
			buildSettings = {
				ASSETCATALOG_COMPILER_APPICON_NAME = AppIcon;
				INFOPLIST_FILE = Happiness/Info.plist;
				LD_RUNPATH_SEARCH_PATHS = "$(inherited) @executable_path/Frameworks";
				PRODUCT_NAME = "$(TARGET_NAME)";
			};
			name = Release;
		};
		4AF1A9C91A87431000406085 /* Debug */ = {
			isa = XCBuildConfiguration;
			buildSettings = {
				BUNDLE_LOADER = "$(TEST_HOST)";
				FRAMEWORK_SEARCH_PATHS = (
					"$(SDKROOT)/Developer/Library/Frameworks",
					"$(inherited)",
				);
				GCC_PREPROCESSOR_DEFINITIONS = (
					"DEBUG=1",
					"$(inherited)",
				);
				INFOPLIST_FILE = HappinessTests/Info.plist;
				LD_RUNPATH_SEARCH_PATHS = "$(inherited) @executable_path/Frameworks @loader_path/Frameworks";
				PRODUCT_NAME = "$(TARGET_NAME)";
				TEST_HOST = "$(BUILT_PRODUCTS_DIR)/Happiness.app/Happiness";
			};
			name = Debug;
		};
		4AF1A9CA1A87431000406085 /* Release */ = {
			isa = XCBuildConfiguration;
			buildSettings = {
				BUNDLE_LOADER = "$(TEST_HOST)";
				FRAMEWORK_SEARCH_PATHS = (
					"$(SDKROOT)/Developer/Library/Frameworks",
					"$(inherited)",
				);
				INFOPLIST_FILE = HappinessTests/Info.plist;
				LD_RUNPATH_SEARCH_PATHS = "$(inherited) @executable_path/Frameworks @loader_path/Frameworks";
				PRODUCT_NAME = "$(TARGET_NAME)";
				TEST_HOST = "$(BUILT_PRODUCTS_DIR)/Happiness.app/Happiness";
			};
			name = Release;
		};
/* End XCBuildConfiguration section */

/* Begin XCConfigurationList section */
		4AF1A9A11A87431000406085 /* Build configuration list for PBXProject "Happiness" */ = {
			isa = XCConfigurationList;
			buildConfigurations = (
				4AF1A9C31A87431000406085 /* Debug */,
				4AF1A9C41A87431000406085 /* Release */,
			);
			defaultConfigurationIsVisible = 0;
			defaultConfigurationName = Release;
		};
		4AF1A9C51A87431000406085 /* Build configuration list for PBXNativeTarget "Happiness" */ = {
			isa = XCConfigurationList;
			buildConfigurations = (
				4AF1A9C61A87431000406085 /* Debug */,
				4AF1A9C71A87431000406085 /* Release */,
			);
			defaultConfigurationIsVisible = 0;
		};
		4AF1A9C81A87431000406085 /* Build configuration list for PBXNativeTarget "HappinessTests" */ = {
			isa = XCConfigurationList;
			buildConfigurations = (
				4AF1A9C91A87431000406085 /* Debug */,
				4AF1A9CA1A87431000406085 /* Release */,
			);
			defaultConfigurationIsVisible = 0;
		};
/* End XCConfigurationList section */
	};
	rootObject = 4AF1A99E1A87431000406085 /* Project object */;
}
